// !$*UTF8*$!
{
	archiveVersion = 1;
	classes = {
	};
	objectVersion = 50;
	objects = {

/* Begin PBXBuildFile section */
		A400CD6927A6220500BE44C3 /* AppDelegate.swift in Sources */ = {isa = PBXBuildFile; fileRef = A400CD6827A6220500BE44C3 /* AppDelegate.swift */; };
		A400CD6B27A6220500BE44C3 /* SceneDelegate.swift in Sources */ = {isa = PBXBuildFile; fileRef = A400CD6A27A6220500BE44C3 /* SceneDelegate.swift */; };
		A400CD6D27A6220500BE44C3 /* ViewController.swift in Sources */ = {isa = PBXBuildFile; fileRef = A400CD6C27A6220500BE44C3 /* ViewController.swift */; };
		A400CD7027A6220500BE44C3 /* Main.storyboard in Resources */ = {isa = PBXBuildFile; fileRef = A400CD6E27A6220500BE44C3 /* Main.storyboard */; };
		A400CD7327A6220500BE44C3 /* brewedAwakeningsApp.xcdatamodeld in Sources */ = {isa = PBXBuildFile; fileRef = A400CD7127A6220500BE44C3 /* brewedAwakeningsApp.xcdatamodeld */; };
		A400CD7527A6220F00BE44C3 /* Assets.xcassets in Resources */ = {isa = PBXBuildFile; fileRef = A400CD7427A6220F00BE44C3 /* Assets.xcassets */; };
		A400CD7827A6220F00BE44C3 /* LaunchScreen.storyboard in Resources */ = {isa = PBXBuildFile; fileRef = A400CD7627A6220F00BE44C3 /* LaunchScreen.storyboard */; };
/* End PBXBuildFile section */

/* Begin PBXFileReference section */
		A400CD6527A6220500BE44C3 /* brewedAwakeningsApp.app */ = {isa = PBXFileReference; explicitFileType = wrapper.application; includeInIndex = 0; path = brewedAwakeningsApp.app; sourceTree = BUILT_PRODUCTS_DIR; };
		A400CD6827A6220500BE44C3 /* AppDelegate.swift */ = {isa = PBXFileReference; lastKnownFileType = sourcecode.swift; path = AppDelegate.swift; sourceTree = "<group>"; };
		A400CD6A27A6220500BE44C3 /* SceneDelegate.swift */ = {isa = PBXFileReference; lastKnownFileType = sourcecode.swift; path = SceneDelegate.swift; sourceTree = "<group>"; };
		A400CD6C27A6220500BE44C3 /* ViewController.swift */ = {isa = PBXFileReference; lastKnownFileType = sourcecode.swift; path = ViewController.swift; sourceTree = "<group>"; };
		A400CD6F27A6220500BE44C3 /* Base */ = {isa = PBXFileReference; lastKnownFileType = file.storyboard; name = Base; path = Base.lproj/Main.storyboard; sourceTree = "<group>"; };
		A400CD7227A6220500BE44C3 /* brewedAwakeningsApp.xcdatamodel */ = {isa = PBXFileReference; lastKnownFileType = wrapper.xcdatamodel; path = brewedAwakeningsApp.xcdatamodel; sourceTree = "<group>"; };
		A400CD7427A6220F00BE44C3 /* Assets.xcassets */ = {isa = PBXFileReference; lastKnownFileType = folder.assetcatalog; path = Assets.xcassets; sourceTree = "<group>"; };
		A400CD7727A6220F00BE44C3 /* Base */ = {isa = PBXFileReference; lastKnownFileType = file.storyboard; name = Base; path = Base.lproj/LaunchScreen.storyboard; sourceTree = "<group>"; };
		A400CD7927A6220F00BE44C3 /* Info.plist */ = {isa = PBXFileReference; lastKnownFileType = text.plist.xml; path = Info.plist; sourceTree = "<group>"; };
/* End PBXFileReference section */

/* Begin PBXFrameworksBuildPhase section */
		A400CD6227A6220500BE44C3 /* Frameworks */ = {
			isa = PBXFrameworksBuildPhase;
			buildActionMask = 2147483647;
			files = (
			);
			runOnlyForDeploymentPostprocessing = 0;
		};
/* End PBXFrameworksBuildPhase section */

/* Begin PBXGroup section */
		A400CD5C27A6220500BE44C3 = {
			isa = PBXGroup;
			children = (
				A400CD6727A6220500BE44C3 /* brewedAwakeningsApp */,
				A400CD6627A6220500BE44C3 /* Products */,
			);
			sourceTree = "<group>";
		};
		A400CD6627A6220500BE44C3 /* Products */ = {
			isa = PBXGroup;
			children = (
				A400CD6527A6220500BE44C3 /* brewedAwakeningsApp.app */,
			);
			name = Products;
			sourceTree = "<group>";
		};
		A400CD6727A6220500BE44C3 /* brewedAwakeningsApp */ = {
			isa = PBXGroup;
			children = (
				A400CD6827A6220500BE44C3 /* AppDelegate.swift */,
				A400CD6A27A6220500BE44C3 /* SceneDelegate.swift */,
				A400CD6C27A6220500BE44C3 /* ViewController.swift */,
				A400CD6E27A6220500BE44C3 /* Main.storyboard */,
				A400CD7427A6220F00BE44C3 /* Assets.xcassets */,
				A400CD7627A6220F00BE44C3 /* LaunchScreen.storyboard */,
				A400CD7927A6220F00BE44C3 /* Info.plist */,
				A400CD7127A6220500BE44C3 /* brewedAwakeningsApp.xcdatamodeld */,
			);
			path = brewedAwakeningsApp;
			sourceTree = "<group>";
		};
/* End PBXGroup section */

/* Begin PBXNativeTarget section */
		A400CD6427A6220500BE44C3 /* brewedAwakeningsApp */ = {
			isa = PBXNativeTarget;
			buildConfigurationList = A400CD7C27A6220F00BE44C3 /* Build configuration list for PBXNativeTarget "brewedAwakeningsApp" */;
			buildPhases = (
				A400CD6127A6220500BE44C3 /* Sources */,
				A400CD6227A6220500BE44C3 /* Frameworks */,
				A400CD6327A6220500BE44C3 /* Resources */,
			);
			buildRules = (
			);
			dependencies = (
			);
			name = brewedAwakeningsApp;
			productName = brewedAwakeningsApp;
			productReference = A400CD6527A6220500BE44C3 /* brewedAwakeningsApp.app */;
			productType = "com.apple.product-type.application";
		};
/* End PBXNativeTarget section */

/* Begin PBXProject section */
		A400CD5D27A6220500BE44C3 /* Project object */ = {
			isa = PBXProject;
			attributes = {
				LastSwiftUpdateCheck = 1230;
				LastUpgradeCheck = 1230;
				TargetAttributes = {
					A400CD6427A6220500BE44C3 = {
						CreatedOnToolsVersion = 12.3;
					};
				};
			};
			buildConfigurationList = A400CD6027A6220500BE44C3 /* Build configuration list for PBXProject "brewedAwakeningsApp" */;
			compatibilityVersion = "Xcode 9.3";
			developmentRegion = en;
			hasScannedForEncodings = 0;
			knownRegions = (
				en,
				Base,
			);
			mainGroup = A400CD5C27A6220500BE44C3;
			productRefGroup = A400CD6627A6220500BE44C3 /* Products */;
			projectDirPath = "";
			projectRoot = "";
			targets = (
				A400CD6427A6220500BE44C3 /* brewedAwakeningsApp */,
			);
		};
/* End PBXProject section */

/* Begin PBXResourcesBuildPhase section */
		A400CD6327A6220500BE44C3 /* Resources */ = {
			isa = PBXResourcesBuildPhase;
			buildActionMask = 2147483647;
			files = (
				A400CD7827A6220F00BE44C3 /* LaunchScreen.storyboard in Resources */,
				A400CD7527A6220F00BE44C3 /* Assets.xcassets in Resources */,
				A400CD7027A6220500BE44C3 /* Main.storyboard in Resources */,
			);
			runOnlyForDeploymentPostprocessing = 0;
		};
/* End PBXResourcesBuildPhase section */

/* Begin PBXSourcesBuildPhase section */
		A400CD6127A6220500BE44C3 /* Sources */ = {
			isa = PBXSourcesBuildPhase;
			buildActionMask = 2147483647;
			files = (
				A400CD7327A6220500BE44C3 /* brewedAwakeningsApp.xcdatamodeld in Sources */,
				A400CD6D27A6220500BE44C3 /* ViewController.swift in Sources */,
				A400CD6927A6220500BE44C3 /* AppDelegate.swift in Sources */,
				A400CD6B27A6220500BE44C3 /* SceneDelegate.swift in Sources */,
			);
			runOnlyForDeploymentPostprocessing = 0;
		};
/* End PBXSourcesBuildPhase section */

/* Begin PBXVariantGroup section */
		A400CD6E27A6220500BE44C3 /* Main.storyboard */ = {
			isa = PBXVariantGroup;
			children = (
				A400CD6F27A6220500BE44C3 /* Base */,
			);
			name = Main.storyboard;
			sourceTree = "<group>";
		};
		A400CD7627A6220F00BE44C3 /* LaunchScreen.storyboard */ = {
			isa = PBXVariantGroup;
			children = (
				A400CD7727A6220F00BE44C3 /* Base */,
			);
			name = LaunchScreen.storyboard;
			sourceTree = "<group>";
		};
/* End PBXVariantGroup section */

/* Begin XCBuildConfiguration section */
		A400CD7A27A6220F00BE44C3 /* Debug */ = {
			isa = XCBuildConfiguration;
			buildSettings = {
				ALWAYS_SEARCH_USER_PATHS = NO;
				CLANG_ANALYZER_NONNULL = YES;
				CLANG_ANALYZER_NUMBER_OBJECT_CONVERSION = YES_AGGRESSIVE;
				CLANG_CXX_LANGUAGE_STANDARD = "gnu++14";
				CLANG_CXX_LIBRARY = "libc++";
				CLANG_ENABLE_MODULES = YES;
				CLANG_ENABLE_OBJC_ARC = YES;
				CLANG_ENABLE_OBJC_WEAK = YES;
				CLANG_WARN_BLOCK_CAPTURE_AUTORELEASING = YES;
				CLANG_WARN_BOOL_CONVERSION = YES;
				CLANG_WARN_COMMA = YES;
				CLANG_WARN_CONSTANT_CONVERSION = YES;
				CLANG_WARN_DEPRECATED_OBJC_IMPLEMENTATIONS = YES;
				CLANG_WARN_DIRECT_OBJC_ISA_USAGE = YES_ERROR;
				CLANG_WARN_DOCUMENTATION_COMMENTS = YES;
				CLANG_WARN_EMPTY_BODY = YES;
				CLANG_WARN_ENUM_CONVERSION = YES;
				CLANG_WARN_INFINITE_RECURSION = YES;
				CLANG_WARN_INT_CONVERSION = YES;
				CLANG_WARN_NON_LITERAL_NULL_CONVERSION = YES;
				CLANG_WARN_OBJC_IMPLICIT_RETAIN_SELF = YES;
				CLANG_WARN_OBJC_LITERAL_CONVERSION = YES;
				CLANG_WARN_OBJC_ROOT_CLASS = YES_ERROR;
				CLANG_WARN_QUOTED_INCLUDE_IN_FRAMEWORK_HEADER = YES;
				CLANG_WARN_RANGE_LOOP_ANALYSIS = YES;
				CLANG_WARN_STRICT_PROTOTYPES = YES;
				CLANG_WARN_SUSPICIOUS_MOVE = YES;
				CLANG_WARN_UNGUARDED_AVAILABILITY = YES_AGGRESSIVE;
				CLANG_WARN_UNREACHABLE_CODE = YES;
				CLANG_WARN__DUPLICATE_METHOD_MATCH = YES;
				COPY_PHASE_STRIP = NO;
				DEBUG_INFORMATION_FORMAT = dwarf;
				ENABLE_STRICT_OBJC_MSGSEND = YES;
				ENABLE_TESTABILITY = YES;
				GCC_C_LANGUAGE_STANDARD = gnu11;
				GCC_DYNAMIC_NO_PIC = NO;
				GCC_NO_COMMON_BLOCKS = YES;
				GCC_OPTIMIZATION_LEVEL = 0;
				GCC_PREPROCESSOR_DEFINITIONS = (
					"DEBUG=1",
					"$(inherited)",
				);
				GCC_WARN_64_TO_32_BIT_CONVERSION = YES;
				GCC_WARN_ABOUT_RETURN_TYPE = YES_ERROR;
				GCC_WARN_UNDECLARED_SELECTOR = YES;
				GCC_WARN_UNINITIALIZED_AUTOS = YES_AGGRESSIVE;
				GCC_WARN_UNUSED_FUNCTION = YES;
				GCC_WARN_UNUSED_VARIABLE = YES;
				IPHONEOS_DEPLOYMENT_TARGET = 14.3;
				MTL_ENABLE_DEBUG_INFO = INCLUDE_SOURCE;
				MTL_FAST_MATH = YES;
				ONLY_ACTIVE_ARCH = YES;
				SDKROOT = iphoneos;
				SWIFT_ACTIVE_COMPILATION_CONDITIONS = DEBUG;
				SWIFT_OPTIMIZATION_LEVEL = "-Onone";
			};
			name = Debug;
		};
		A400CD7B27A6220F00BE44C3 /* Release */ = {
			isa = XCBuildConfiguration;
			buildSettings = {
				ALWAYS_SEARCH_USER_PATHS = NO;
				CLANG_ANALYZER_NONNULL = YES;
				CLANG_ANALYZER_NUMBER_OBJECT_CONVERSION = YES_AGGRESSIVE;
				CLANG_CXX_LANGUAGE_STANDARD = "gnu++14";
				CLANG_CXX_LIBRARY = "libc++";
				CLANG_ENABLE_MODULES = YES;
				CLANG_ENABLE_OBJC_ARC = YES;
				CLANG_ENABLE_OBJC_WEAK = YES;
				CLANG_WARN_BLOCK_CAPTURE_AUTORELEASING = YES;
				CLANG_WARN_BOOL_CONVERSION = YES;
				CLANG_WARN_COMMA = YES;
				CLANG_WARN_CONSTANT_CONVERSION = YES;
				CLANG_WARN_DEPRECATED_OBJC_IMPLEMENTATIONS = YES;
				CLANG_WARN_DIRECT_OBJC_ISA_USAGE = YES_ERROR;
				CLANG_WARN_DOCUMENTATION_COMMENTS = YES;
				CLANG_WARN_EMPTY_BODY = YES;
				CLANG_WARN_ENUM_CONVERSION = YES;
				CLANG_WARN_INFINITE_RECURSION = YES;
				CLANG_WARN_INT_CONVERSION = YES;
				CLANG_WARN_NON_LITERAL_NULL_CONVERSION = YES;
				CLANG_WARN_OBJC_IMPLICIT_RETAIN_SELF = YES;
				CLANG_WARN_OBJC_LITERAL_CONVERSION = YES;
				CLANG_WARN_OBJC_ROOT_CLASS = YES_ERROR;
				CLANG_WARN_QUOTED_INCLUDE_IN_FRAMEWORK_HEADER = YES;
				CLANG_WARN_RANGE_LOOP_ANALYSIS = YES;
				CLANG_WARN_STRICT_PROTOTYPES = YES;
				CLANG_WARN_SUSPICIOUS_MOVE = YES;
				CLANG_WARN_UNGUARDED_AVAILABILITY = YES_AGGRESSIVE;
				CLANG_WARN_UNREACHABLE_CODE = YES;
				CLANG_WARN__DUPLICATE_METHOD_MATCH = YES;
				COPY_PHASE_STRIP = NO;
				DEBUG_INFORMATION_FORMAT = "dwarf-with-dsym";
				ENABLE_NS_ASSERTIONS = NO;
				ENABLE_STRICT_OBJC_MSGSEND = YES;
				GCC_C_LANGUAGE_STANDARD = gnu11;
				GCC_NO_COMMON_BLOCKS = YES;
				GCC_WARN_64_TO_32_BIT_CONVERSION = YES;
				GCC_WARN_ABOUT_RETURN_TYPE = YES_ERROR;
				GCC_WARN_UNDECLARED_SELECTOR = YES;
				GCC_WARN_UNINITIALIZED_AUTOS = YES_AGGRESSIVE;
				GCC_WARN_UNUSED_FUNCTION = YES;
				GCC_WARN_UNUSED_VARIABLE = YES;
				IPHONEOS_DEPLOYMENT_TARGET = 14.3;
				MTL_ENABLE_DEBUG_INFO = NO;
				MTL_FAST_MATH = YES;
				SDKROOT = iphoneos;
				SWIFT_COMPILATION_MODE = wholemodule;
				SWIFT_OPTIMIZATION_LEVEL = "-O";
				VALIDATE_PRODUCT = YES;
			};
			name = Release;
		};
		A400CD7D27A6220F00BE44C3 /* Debug */ = {
			isa = XCBuildConfiguration;
			buildSettings = {
				ASSETCATALOG_COMPILER_APPICON_NAME = AppIcon;
				ASSETCATALOG_COMPILER_GLOBAL_ACCENT_COLOR_NAME = AccentColor;
				CODE_SIGN_STYLE = Automatic;
				INFOPLIST_FILE = brewedAwakeningsApp/Info.plist;
				LD_RUNPATH_SEARCH_PATHS = (
					"$(inherited)",
					"@executable_path/Frameworks",
				);
				PRODUCT_BUNDLE_IDENTIFIER = org.d214.jhhs.624358.brewedAwakeningsApp;
				PRODUCT_NAME = "$(TARGET_NAME)";
				SWIFT_VERSION = 5.0;
				TARGETED_DEVICE_FAMILY = "1,2";
			};
			name = Debug;
		};
		A400CD7E27A6220F00BE44C3 /* Release */ = {
			isa = XCBuildConfiguration;
			buildSettings = {
				ASSETCATALOG_COMPILER_APPICON_NAME = AppIcon;
				ASSETCATALOG_COMPILER_GLOBAL_ACCENT_COLOR_NAME = AccentColor;
				CODE_SIGN_STYLE = Automatic;
				INFOPLIST_FILE = brewedAwakeningsApp/Info.plist;
				LD_RUNPATH_SEARCH_PATHS = (
					"$(inherited)",
					"@executable_path/Frameworks",
				);
				PRODUCT_BUNDLE_IDENTIFIER = org.d214.jhhs.624358.brewedAwakeningsApp;
				PRODUCT_NAME = "$(TARGET_NAME)";
				SWIFT_VERSION = 5.0;
				TARGETED_DEVICE_FAMILY = "1,2";
			};
			name = Release;
		};
/* End XCBuildConfiguration section */

/* Begin XCConfigurationList section */
		A400CD6027A6220500BE44C3 /* Build configuration list for PBXProject "brewedAwakeningsApp" */ = {
			isa = XCConfigurationList;
			buildConfigurations = (
				A400CD7A27A6220F00BE44C3 /* Debug */,
				A400CD7B27A6220F00BE44C3 /* Release */,
			);
			defaultConfigurationIsVisible = 0;
			defaultConfigurationName = Release;
		};
		A400CD7C27A6220F00BE44C3 /* Build configuration list for PBXNativeTarget "brewedAwakeningsApp" */ = {
			isa = XCConfigurationList;
			buildConfigurations = (
				A400CD7D27A6220F00BE44C3 /* Debug */,
				A400CD7E27A6220F00BE44C3 /* Release */,
			);
			defaultConfigurationIsVisible = 0;
			defaultConfigurationName = Release;
		};
/* End XCConfigurationList section */

/* Begin XCVersionGroup section */
		A400CD7127A6220500BE44C3 /* brewedAwakeningsApp.xcdatamodeld */ = {
			isa = XCVersionGroup;
			children = (
				A400CD7227A6220500BE44C3 /* brewedAwakeningsApp.xcdatamodel */,
			);
			currentVersion = A400CD7227A6220500BE44C3 /* brewedAwakeningsApp.xcdatamodel */;
			path = brewedAwakeningsApp.xcdatamodeld;
			sourceTree = "<group>";
			versionGroupType = wrapper.xcdatamodel;
		};
/* End XCVersionGroup section */
	};
	rootObject = A400CD5D27A6220500BE44C3 /* Project object */;
}
